
Microsoft Visual Studio Solution File, Format Version 12.00
# Visual Studio Version 17
VisualStudioVersion = 17.0.31919.166
MinimumVisualStudioVersion = 10.0.40219.1
Project("{FAE04EC0-301F-11D3-BF4B-00C04F79EFBC}") = "Mini Save Fiddler", "Mini Save Fiddler.csproj", "{DD098BA0-E95B-4AB7-884C-E6DC0B9D3945}"
EndProject
Global
	GlobalSection(SolutionConfigurationPlatforms) = preSolution
		Debug|Any CPU = Debug|Any CPU
		Release|Any CPU = Release|Any CPU
	EndGlobalSection
	GlobalSection(ProjectConfigurationPlatforms) = postSolution
		{DD098BA0-E95B-4AB7-884C-E6DC0B9D3945}.Debug|Any CPU.ActiveCfg = Debug|Any CPU
		{DD098BA0-E95B-4AB7-884C-E6DC0B9D3945}.Debug|Any CPU.Build.0 = Debug|Any CPU
		{DD098BA0-E95B-4AB7-884C-E6DC0B9D3945}.Release|Any CPU.ActiveCfg = Release|Any CPU
		{DD098BA0-E95B-4AB7-884C-E6DC0B9D3945}.Release|Any CPU.Build.0 = Release|Any CPU
	EndGlobalSection
	GlobalSection(SolutionProperties) = preSolution
		HideSolutionNode = FALSE
	EndGlobalSection
	GlobalSection(ExtensibilityGlobals) = postSolution
		SolutionGuid = {18FC057A-F4EF-436C-AD99-808C155416C9}
	EndGlobalSection
EndGlobal
